
Microsoft Visual Studio Solution File, Format Version 12.00
# Visual Studio Version 17
VisualStudioVersion = 17.8.34322.80
MinimumVisualStudioVersion = 10.0.40219.1
Project("{FAE04EC0-301F-11D3-BF4B-00C04F79EFBC}") = "MyChat", "MyChat.csproj", "{D54B8D36-240E-4491-B15C-4DE081E24AD3}"
EndProject
Global
	GlobalSection(SolutionConfigurationPlatforms) = preSolution
		Debug|Any CPU = Debug|Any CPU
		Release|Any CPU = Release|Any CPU
	EndGlobalSection
	GlobalSection(ProjectConfigurationPlatforms) = postSolution
		{D54B8D36-240E-4491-B15C-4DE081E24AD3}.Debug|Any CPU.ActiveCfg = Debug|Any CPU
		{D54B8D36-240E-4491-B15C-4DE081E24AD3}.Debug|Any CPU.Build.0 = Debug|Any CPU
		{D54B8D36-240E-4491-B15C-4DE081E24AD3}.Release|Any CPU.ActiveCfg = Release|Any CPU
		{D54B8D36-240E-4491-B15C-4DE081E24AD3}.Release|Any CPU.Build.0 = Release|Any CPU
	EndGlobalSection
	GlobalSection(SolutionProperties) = preSolution
		HideSolutionNode = FALSE
	EndGlobalSection
	GlobalSection(ExtensibilityGlobals) = postSolution
		SolutionGuid = {6A26B846-1281-4769-B701-28A996F89923}
	EndGlobalSection
EndGlobal
